
Microsoft Visual Studio Solution File, Format Version 12.00
Project("{FAE04EC0-301F-11D3-BF4B-00C04F79EFBC}") = "RouteBoast", "RouteBoast\RouteBoast.csproj", "{022FECDB-4634-4A18-961F-3EE7F62D50CD}"
EndProject
Project("{FAE04EC0-301F-11D3-BF4B-00C04F79EFBC}") = "Data", "Data\Data.csproj", "{C84CFB8A-B5A4-4895-99A4-94FC875FA53E}"
EndProject
Project("{FAE04EC0-301F-11D3-BF4B-00C04F79EFBC}") = "Services", "Services\Services.csproj", "{AFC30BEB-E7B0-4C02-A077-C6D58A428952}"
EndProject
Project("{FAE04EC0-301F-11D3-BF4B-00C04F79EFBC}") = "Common", "Common\Common.csproj", "{B514054B-B063-4966-939D-4230FBC87142}"
EndProject
Project("{FAE04EC0-301F-11D3-BF4B-00C04F79EFBC}") = "Core", "Core\Core.csproj", "{D3759E6D-B91A-4DEA-A2EA-F34F515FE69D}"
EndProject
Global
	GlobalSection(SolutionConfigurationPlatforms) = preSolution
		Debug|Any CPU = Debug|Any CPU
		Release|Any CPU = Release|Any CPU
	EndGlobalSection
	GlobalSection(ProjectConfigurationPlatforms) = postSolution
		{022FECDB-4634-4A18-961F-3EE7F62D50CD}.Debug|Any CPU.ActiveCfg = Debug|Any CPU
		{022FECDB-4634-4A18-961F-3EE7F62D50CD}.Debug|Any CPU.Build.0 = Debug|Any CPU
		{022FECDB-4634-4A18-961F-3EE7F62D50CD}.Release|Any CPU.ActiveCfg = Release|Any CPU
		{022FECDB-4634-4A18-961F-3EE7F62D50CD}.Release|Any CPU.Build.0 = Release|Any CPU
		{C84CFB8A-B5A4-4895-99A4-94FC875FA53E}.Debug|Any CPU.ActiveCfg = Debug|Any CPU
		{C84CFB8A-B5A4-4895-99A4-94FC875FA53E}.Debug|Any CPU.Build.0 = Debug|Any CPU
		{C84CFB8A-B5A4-4895-99A4-94FC875FA53E}.Release|Any CPU.ActiveCfg = Release|Any CPU
		{C84CFB8A-B5A4-4895-99A4-94FC875FA53E}.Release|Any CPU.Build.0 = Release|Any CPU
		{AFC30BEB-E7B0-4C02-A077-C6D58A428952}.Debug|Any CPU.ActiveCfg = Debug|Any CPU
		{AFC30BEB-E7B0-4C02-A077-C6D58A428952}.Debug|Any CPU.Build.0 = Debug|Any CPU
		{AFC30BEB-E7B0-4C02-A077-C6D58A428952}.Release|Any CPU.ActiveCfg = Release|Any CPU
		{AFC30BEB-E7B0-4C02-A077-C6D58A428952}.Release|Any CPU.Build.0 = Release|Any CPU
		{B514054B-B063-4966-939D-4230FBC87142}.Debug|Any CPU.ActiveCfg = Debug|Any CPU
		{B514054B-B063-4966-939D-4230FBC87142}.Debug|Any CPU.Build.0 = Debug|Any CPU
		{B514054B-B063-4966-939D-4230FBC87142}.Release|Any CPU.ActiveCfg = Release|Any CPU
		{B514054B-B063-4966-939D-4230FBC87142}.Release|Any CPU.Build.0 = Release|Any CPU
		{D3759E6D-B91A-4DEA-A2EA-F34F515FE69D}.Debug|Any CPU.ActiveCfg = Debug|Any CPU
		{D3759E6D-B91A-4DEA-A2EA-F34F515FE69D}.Debug|Any CPU.Build.0 = Debug|Any CPU
		{D3759E6D-B91A-4DEA-A2EA-F34F515FE69D}.Release|Any CPU.ActiveCfg = Release|Any CPU
		{D3759E6D-B91A-4DEA-A2EA-F34F515FE69D}.Release|Any CPU.Build.0 = Release|Any CPU
	EndGlobalSection
EndGlobal
